
Microsoft Visual Studio Solution File, Format Version 12.00
# Visual Studio Version 17
VisualStudioVersion = 17.0.31903.59
MinimumVisualStudioVersion = 10.0.40219.1
Project("{2150E333-8FDC-42A3-9474-1A3956D46DE8}") = "src", "src", "{A12E4190-8F37-47C1-AEFD-ACFBE58B5940}"
EndProject
Project("{FAE04EC0-301F-11D3-BF4B-00C04F79EFBC}") = "Newman_CI_CD_Tests", "src\Newman_CI_CD_Tests\Newman_CI_CD_Tests.csproj", "{17531E2D-6BE8-4570-9BDA-D46E47A46EB2}"
EndProject
Global
	GlobalSection(SolutionConfigurationPlatforms) = preSolution
		Debug|Any CPU = Debug|Any CPU
		Release|Any CPU = Release|Any CPU
	EndGlobalSection
	GlobalSection(SolutionProperties) = preSolution
		HideSolutionNode = FALSE
	EndGlobalSection
	GlobalSection(ProjectConfigurationPlatforms) = postSolution
		{17531E2D-6BE8-4570-9BDA-D46E47A46EB2}.Debug|Any CPU.ActiveCfg = Debug|Any CPU
		{17531E2D-6BE8-4570-9BDA-D46E47A46EB2}.Debug|Any CPU.Build.0 = Debug|Any CPU
		{17531E2D-6BE8-4570-9BDA-D46E47A46EB2}.Release|Any CPU.ActiveCfg = Release|Any CPU
		{17531E2D-6BE8-4570-9BDA-D46E47A46EB2}.Release|Any CPU.Build.0 = Release|Any CPU
	EndGlobalSection
	GlobalSection(NestedProjects) = preSolution
		{17531E2D-6BE8-4570-9BDA-D46E47A46EB2} = {A12E4190-8F37-47C1-AEFD-ACFBE58B5940}
	EndGlobalSection
EndGlobal
